
Microsoft Visual Studio Solution File, Format Version 12.00
# Visual Studio 15
VisualStudioVersion = 15.0.27428.2011
MinimumVisualStudioVersion = 10.0.40219.1
Project("{FAE04EC0-301F-11D3-BF4B-00C04F79EFBC}") = "票選系統", "票選系統\票選系統.csproj", "{918CF9D4-ACFA-4D8C-A156-F94FAFD950F3}"
EndProject
Global
	GlobalSection(SolutionConfigurationPlatforms) = preSolution
		Debug|Any CPU = Debug|Any CPU
		Release|Any CPU = Release|Any CPU
	EndGlobalSection
	GlobalSection(ProjectConfigurationPlatforms) = postSolution
		{918CF9D4-ACFA-4D8C-A156-F94FAFD950F3}.Debug|Any CPU.ActiveCfg = Debug|Any CPU
		{918CF9D4-ACFA-4D8C-A156-F94FAFD950F3}.Debug|Any CPU.Build.0 = Debug|Any CPU
		{918CF9D4-ACFA-4D8C-A156-F94FAFD950F3}.Release|Any CPU.ActiveCfg = Release|Any CPU
		{918CF9D4-ACFA-4D8C-A156-F94FAFD950F3}.Release|Any CPU.Build.0 = Release|Any CPU
	EndGlobalSection
	GlobalSection(SolutionProperties) = preSolution
		HideSolutionNode = FALSE
	EndGlobalSection
	GlobalSection(ExtensibilityGlobals) = postSolution
		SolutionGuid = {0159EE2A-815E-4059-B68D-BA2573FD50EB}
	EndGlobalSection
EndGlobal
